PODS:
  - Pageboy (0.4.12)
  - PureLayout (3.0.2)
  - Tabman (0.4.1):
    - Pageboy (~> 0.4.0)
    - PureLayout (~> 3.0.0)

DEPENDENCIES:
  - Tabman (= 0.4.1)

SPEC CHECKSUMS:
  Pageboy: 4a0a478d78cf5b31a5439828bc8f6519edf4e508
  PureLayout: 4d550abe49a94f24c2808b9b95db9131685fe4cd
  Tabman: 4028b84b186f38c4c55944de47468ebcdcf1a1f6

PODFILE CHECKSUM: c08fc0f74ab842555005b750cc55e6b8c71bbc19

COCOAPODS: 1.2.1.beta.1
