// !$*UTF8*$!
{
	archiveVersion = 1;
	classes = {
	};
	objectVersion = 46;
	objects = {

/* Begin PBXBuildFile section */
		3E7856412FA5C08AC97F0D5E /* Pods_Instagram.framework in Frameworks */ = {isa = PBXBuildFile; fileRef = CCD3A829A3E34C2E6C028251 /* Pods_Instagram.framework */; };
		D6C759971E83F09900471973 /* AppDelegate.swift in Sources */ = {isa = PBXBuildFile; fileRef = D6C759961E83F09900471973 /* AppDelegate.swift */; };
		D6C759991E83F09900471973 /* InstagramViewController.swift in Sources */ = {isa = PBXBuildFile; fileRef = D6C759981E83F09900471973 /* InstagramViewController.swift */; };
		D6C7599C1E83F09900471973 /* Instagram.storyboard in Resources */ = {isa = PBXBuildFile; fileRef = D6C7599A1E83F09900471973 /* Instagram.storyboard */; };
		D6C7599E1E83F09900471973 /* Assets.xcassets in Resources */ = {isa = PBXBuildFile; fileRef = D6C7599D1E83F09900471973 /* Assets.xcassets */; };
		D6C759A11E83F09900471973 /* LaunchScreen.storyboard in Resources */ = {isa = PBXBuildFile; fileRef = D6C7599F1E83F09900471973 /* LaunchScreen.storyboard */; };
		D6C759AA1E84107B00471973 /* InstagramChildViewController.swift in Sources */ = {isa = PBXBuildFile; fileRef = D6C759A91E84107B00471973 /* InstagramChildViewController.swift */; };
/* End PBXBuildFile section */

/* Begin PBXFileReference section */
		05B82F390B14507AC516054B /* Pods-Instagram.release.xcconfig */ = {isa = PBXFileReference; includeInIndex = 1; lastKnownFileType = text.xcconfig; name = "Pods-Instagram.release.xcconfig"; path = "../Pods/Target Support Files/Pods-Instagram/Pods-Instagram.release.xcconfig"; sourceTree = "<group>"; };
		CCD3A829A3E34C2E6C028251 /* Pods_Instagram.framework */ = {isa = PBXFileReference; explicitFileType = wrapper.framework; includeInIndex = 0; path = Pods_Instagram.framework; sourceTree = BUILT_PRODUCTS_DIR; };
		D6C759931E83F09900471973 /* Instagram.app */ = {isa = PBXFileReference; explicitFileType = wrapper.application; includeInIndex = 0; path = Instagram.app; sourceTree = BUILT_PRODUCTS_DIR; };
		D6C759961E83F09900471973 /* AppDelegate.swift */ = {isa = PBXFileReference; lastKnownFileType = sourcecode.swift; path = AppDelegate.swift; sourceTree = "<group>"; };
		D6C759981E83F09900471973 /* InstagramViewController.swift */ = {isa = PBXFileReference; lastKnownFileType = sourcecode.swift; path = InstagramViewController.swift; sourceTree = "<group>"; };
		D6C7599B1E83F09900471973 /* Base */ = {isa = PBXFileReference; lastKnownFileType = file.storyboard; name = Base; path = Base.lproj/Instagram.storyboard; sourceTree = "<group>"; };
		D6C7599D1E83F09900471973 /* Assets.xcassets */ = {isa = PBXFileReference; lastKnownFileType = folder.assetcatalog; path = Assets.xcassets; sourceTree = "<group>"; };
		D6C759A01E83F09900471973 /* Base */ = {isa = PBXFileReference; lastKnownFileType = file.storyboard; name = Base; path = Base.lproj/LaunchScreen.storyboard; sourceTree = "<group>"; };
		D6C759A21E83F09900471973 /* Info.plist */ = {isa = PBXFileReference; lastKnownFileType = text.plist.xml; path = Info.plist; sourceTree = "<group>"; };
		D6C759A91E84107B00471973 /* InstagramChildViewController.swift */ = {isa = PBXFileReference; fileEncoding = 4; lastKnownFileType = sourcecode.swift; path = InstagramChildViewController.swift; sourceTree = "<group>"; };
		EAD9EC35947731FB5C580BD4 /* Pods-Instagram.debug.xcconfig */ = {isa = PBXFileReference; includeInIndex = 1; lastKnownFileType = text.xcconfig; name = "Pods-Instagram.debug.xcconfig"; path = "../Pods/Target Support Files/Pods-Instagram/Pods-Instagram.debug.xcconfig"; sourceTree = "<group>"; };
/* End PBXFileReference section */

/* Begin PBXFrameworksBuildPhase section */
		D6C759901E83F09900471973 /* Frameworks */ = {
			isa = PBXFrameworksBuildPhase;
			buildActionMask = 2147483647;
			files = (
				3E7856412FA5C08AC97F0D5E /* Pods_Instagram.framework in Frameworks */,
			);
			runOnlyForDeploymentPostprocessing = 0;
		};
/* End PBXFrameworksBuildPhase section */

/* Begin PBXGroup section */
		B9DEB35B088D46414F16E1D3 /* Pods */ = {
			isa = PBXGroup;
			children = (
				EAD9EC35947731FB5C580BD4 /* Pods-Instagram.debug.xcconfig */,
				05B82F390B14507AC516054B /* Pods-Instagram.release.xcconfig */,
			);
			name = Pods;
			sourceTree = "<group>";
		};
		D6C7598A1E83F09900471973 = {
			isa = PBXGroup;
			children = (
				D6C759951E83F09900471973 /* Instagram */,
				D6C759941E83F09900471973 /* Products */,
				B9DEB35B088D46414F16E1D3 /* Pods */,
				D7EC26CBE9A4C472F8B44668 /* Frameworks */,
			);
			sourceTree = "<group>";
		};
		D6C759941E83F09900471973 /* Products */ = {
			isa = PBXGroup;
			children = (
				D6C759931E83F09900471973 /* Instagram.app */,
			);
			name = Products;
			sourceTree = "<group>";
		};
		D6C759951E83F09900471973 /* Instagram */ = {
			isa = PBXGroup;
			children = (
				D6C759961E83F09900471973 /* AppDelegate.swift */,
				D6C759981E83F09900471973 /* InstagramViewController.swift */,
				D6C759A91E84107B00471973 /* InstagramChildViewController.swift */,
				D6C759A81E83F0B100471973 /* Resources */,
			);
			path = Instagram;
			sourceTree = "<group>";
		};
		D6C759A81E83F0B100471973 /* Resources */ = {
			isa = PBXGroup;
			children = (
				D6C7599A1E83F09900471973 /* Instagram.storyboard */,
				D6C7599D1E83F09900471973 /* Assets.xcassets */,
				D6C7599F1E83F09900471973 /* LaunchScreen.storyboard */,
				D6C759A21E83F09900471973 /* Info.plist */,
			);
			name = Resources;
			sourceTree = "<group>";
		};
		D7EC26CBE9A4C472F8B44668 /* Frameworks */ = {
			isa = PBXGroup;
			children = (
				CCD3A829A3E34C2E6C028251 /* Pods_Instagram.framework */,
			);
			name = Frameworks;
			sourceTree = "<group>";
		};
/* End PBXGroup section */

/* Begin PBXNativeTarget section */
		D6C759921E83F09900471973 /* Instagram */ = {
			isa = PBXNativeTarget;
			buildConfigurationList = D6C759A51E83F09900471973 /* Build configuration list for PBXNativeTarget "Instagram" */;
			buildPhases = (
				C449C64F7A7B893ED75A0B23 /* [CP] Check Pods Manifest.lock */,
				D6C7598F1E83F09900471973 /* Sources */,
				D6C759901E83F09900471973 /* Frameworks */,
				D6C759911E83F09900471973 /* Resources */,
				463F326863CD3A66907DF0F6 /* [CP] Embed Pods Frameworks */,
				6522F84E7F9C60BD0E8E2913 /* [CP] Copy Pods Resources */,
			);
			buildRules = (
			);
			dependencies = (
			);
			name = Instagram;
			productName = Instagram;
			productReference = D6C759931E83F09900471973 /* Instagram.app */;
			productType = "com.apple.product-type.application";
		};
/* End PBXNativeTarget section */

/* Begin PBXProject section */
		D6C7598B1E83F09900471973 /* Project object */ = {
			isa = PBXProject;
			attributes = {
				LastSwiftUpdateCheck = 0820;
				LastUpgradeCheck = 0820;
				ORGANIZATIONNAME = "Merrick Sapsford";
				TargetAttributes = {
					D6C759921E83F09900471973 = {
						CreatedOnToolsVersion = 8.2;
						ProvisioningStyle = Automatic;
					};
				};
			};
			buildConfigurationList = D6C7598E1E83F09900471973 /* Build configuration list for PBXProject "Instagram" */;
			compatibilityVersion = "Xcode 3.2";
			developmentRegion = English;
			hasScannedForEncodings = 0;
			knownRegions = (
				en,
				Base,
			);
			mainGroup = D6C7598A1E83F09900471973;
			productRefGroup = D6C759941E83F09900471973 /* Products */;
			projectDirPath = "";
			projectRoot = "";
			targets = (
				D6C759921E83F09900471973 /* Instagram */,
			);
		};
/* End PBXProject section */

/* Begin PBXResourcesBuildPhase section */
		D6C759911E83F09900471973 /* Resources */ = {
			isa = PBXResourcesBuildPhase;
			buildActionMask = 2147483647;
			files = (
				D6C759A11E83F09900471973 /* LaunchScreen.storyboard in Resources */,
				D6C7599E1E83F09900471973 /* Assets.xcassets in Resources */,
				D6C7599C1E83F09900471973 /* Instagram.storyboard in Resources */,
			);
			runOnlyForDeploymentPostprocessing = 0;
		};
/* End PBXResourcesBuildPhase section */

/* Begin PBXShellScriptBuildPhase section */
		463F326863CD3A66907DF0F6 /* [CP] Embed Pods Frameworks */ = {
			isa = PBXShellScriptBuildPhase;
			buildActionMask = 2147483647;
			files = (
			);
			inputPaths = (
			);
			name = "[CP] Embed Pods Frameworks";
			outputPaths = (
			);
			runOnlyForDeploymentPostprocessing = 0;
			shellPath = /bin/sh;
			shellScript = "\"${SRCROOT}/../Pods/Target Support Files/Pods-Instagram/Pods-Instagram-frameworks.sh\"\n";
			showEnvVarsInLog = 0;
		};
		6522F84E7F9C60BD0E8E2913 /* [CP] Copy Pods Resources */ = {
			isa = PBXShellScriptBuildPhase;
			buildActionMask = 2147483647;
			files = (
			);
			inputPaths = (
			);
			name = "[CP] Copy Pods Resources";
			outputPaths = (
			);
			runOnlyForDeploymentPostprocessing = 0;
			shellPath = /bin/sh;
			shellScript = "\"${SRCROOT}/../Pods/Target Support Files/Pods-Instagram/Pods-Instagram-resources.sh\"\n";
			showEnvVarsInLog = 0;
		};
		C449C64F7A7B893ED75A0B23 /* [CP] Check Pods Manifest.lock */ = {
			isa = PBXShellScriptBuildPhase;
			buildActionMask = 2147483647;
			files = (
			);
			inputPaths = (
			);
			name = "[CP] Check Pods Manifest.lock";
			outputPaths = (
			);
			runOnlyForDeploymentPostprocessing = 0;
			shellPath = /bin/sh;
			shellScript = "diff \"${PODS_PODFILE_DIR_PATH}/Podfile.lock\" \"${PODS_ROOT}/Manifest.lock\" > /dev/null\nif [ $? != 0 ] ; then\n    # print error to STDERR\n    echo \"error: The sandbox is not in sync with the Podfile.lock. Run 'pod install' or update your CocoaPods installation.\" >&2\n    exit 1\nfi\n";
			showEnvVarsInLog = 0;
		};
/* End PBXShellScriptBuildPhase section */

/* Begin PBXSourcesBuildPhase section */
		D6C7598F1E83F09900471973 /* Sources */ = {
			isa = PBXSourcesBuildPhase;
			buildActionMask = 2147483647;
			files = (
				D6C759991E83F09900471973 /* InstagramViewController.swift in Sources */,
				D6C759AA1E84107B00471973 /* InstagramChildViewController.swift in Sources */,
				D6C759971E83F09900471973 /* AppDelegate.swift in Sources */,
			);
			runOnlyForDeploymentPostprocessing = 0;
		};
/* End PBXSourcesBuildPhase section */

/* Begin PBXVariantGroup section */
		D6C7599A1E83F09900471973 /* Instagram.storyboard */ = {
			isa = PBXVariantGroup;
			children = (
				D6C7599B1E83F09900471973 /* Base */,
			);
			name = Instagram.storyboard;
			sourceTree = "<group>";
		};
		D6C7599F1E83F09900471973 /* LaunchScreen.storyboard */ = {
			isa = PBXVariantGroup;
			children = (
				D6C759A01E83F09900471973 /* Base */,
			);
			name = LaunchScreen.storyboard;
			sourceTree = "<group>";
		};
/* End PBXVariantGroup section */

/* Begin XCBuildConfiguration section */
		D6C759A31E83F09900471973 /* Debug */ = {
			isa = XCBuildConfiguration;
			buildSettings = {
				ALWAYS_SEARCH_USER_PATHS = NO;
				CLANG_ANALYZER_NONNULL = YES;
				CLANG_CXX_LANGUAGE_STANDARD = "gnu++0x";
				CLANG_CXX_LIBRARY = "libc++";
				CLANG_ENABLE_MODULES = YES;
				CLANG_ENABLE_OBJC_ARC = YES;
				CLANG_WARN_BOOL_CONVERSION = YES;
				CLANG_WARN_CONSTANT_CONVERSION = YES;
				CLANG_WARN_DIRECT_OBJC_ISA_USAGE = YES_ERROR;
				CLANG_WARN_DOCUMENTATION_COMMENTS = YES;
				CLANG_WARN_EMPTY_BODY = YES;
				CLANG_WARN_ENUM_CONVERSION = YES;
				CLANG_WARN_INFINITE_RECURSION = YES;
				CLANG_WARN_INT_CONVERSION = YES;
				CLANG_WARN_OBJC_ROOT_CLASS = YES_ERROR;
				CLANG_WARN_SUSPICIOUS_MOVE = YES;
				CLANG_WARN_UNREACHABLE_CODE = YES;
				CLANG_WARN__DUPLICATE_METHOD_MATCH = YES;
				"CODE_SIGN_IDENTITY[sdk=iphoneos*]" = "iPhone Developer";
				COPY_PHASE_STRIP = NO;
				DEBUG_INFORMATION_FORMAT = dwarf;
				ENABLE_STRICT_OBJC_MSGSEND = YES;
				ENABLE_TESTABILITY = YES;
				GCC_C_LANGUAGE_STANDARD = gnu99;
				GCC_DYNAMIC_NO_PIC = NO;
				GCC_NO_COMMON_BLOCKS = YES;
				GCC_OPTIMIZATION_LEVEL = 0;
				GCC_PREPROCESSOR_DEFINITIONS = (
					"DEBUG=1",
					"$(inherited)",
				);
				GCC_WARN_64_TO_32_BIT_CONVERSION = YES;
				GCC_WARN_ABOUT_RETURN_TYPE = YES_ERROR;
				GCC_WARN_UNDECLARED_SELECTOR = YES;
				GCC_WARN_UNINITIALIZED_AUTOS = YES_AGGRESSIVE;
				GCC_WARN_UNUSED_FUNCTION = YES;
				GCC_WARN_UNUSED_VARIABLE = YES;
				IPHONEOS_DEPLOYMENT_TARGET = 10.2;
				MTL_ENABLE_DEBUG_INFO = YES;
				ONLY_ACTIVE_ARCH = YES;
				SDKROOT = iphoneos;
				SWIFT_ACTIVE_COMPILATION_CONDITIONS = DEBUG;
				SWIFT_OPTIMIZATION_LEVEL = "-Onone";
			};
			name = Debug;
		};
		D6C759A41E83F09900471973 /* Release */ = {
			isa = XCBuildConfiguration;
			buildSettings = {
				ALWAYS_SEARCH_USER_PATHS = NO;
				CLANG_ANALYZER_NONNULL = YES;
				CLANG_CXX_LANGUAGE_STANDARD = "gnu++0x";
				CLANG_CXX_LIBRARY = "libc++";
				CLANG_ENABLE_MODULES = YES;
				CLANG_ENABLE_OBJC_ARC = YES;
				CLANG_WARN_BOOL_CONVERSION = YES;
				CLANG_WARN_CONSTANT_CONVERSION = YES;
				CLANG_WARN_DIRECT_OBJC_ISA_USAGE = YES_ERROR;
				CLANG_WARN_DOCUMENTATION_COMMENTS = YES;
				CLANG_WARN_EMPTY_BODY = YES;
				CLANG_WARN_ENUM_CONVERSION = YES;
				CLANG_WARN_INFINITE_RECURSION = YES;
				CLANG_WARN_INT_CONVERSION = YES;
				CLANG_WARN_OBJC_ROOT_CLASS = YES_ERROR;
				CLANG_WARN_SUSPICIOUS_MOVE = YES;
				CLANG_WARN_UNREACHABLE_CODE = YES;
				CLANG_WARN__DUPLICATE_METHOD_MATCH = YES;
				"CODE_SIGN_IDENTITY[sdk=iphoneos*]" = "iPhone Developer";
				COPY_PHASE_STRIP = NO;
				DEBUG_INFORMATION_FORMAT = "dwarf-with-dsym";
				ENABLE_NS_ASSERTIONS = NO;
				ENABLE_STRICT_OBJC_MSGSEND = YES;
				GCC_C_LANGUAGE_STANDARD = gnu99;
				GCC_NO_COMMON_BLOCKS = YES;
				GCC_WARN_64_TO_32_BIT_CONVERSION = YES;
				GCC_WARN_ABOUT_RETURN_TYPE = YES_ERROR;
				GCC_WARN_UNDECLARED_SELECTOR = YES;
				GCC_WARN_UNINITIALIZED_AUTOS = YES_AGGRESSIVE;
				GCC_WARN_UNUSED_FUNCTION = YES;
				GCC_WARN_UNUSED_VARIABLE = YES;
				IPHONEOS_DEPLOYMENT_TARGET = 10.2;
				MTL_ENABLE_DEBUG_INFO = NO;
				SDKROOT = iphoneos;
				SWIFT_OPTIMIZATION_LEVEL = "-Owholemodule";
				VALIDATE_PRODUCT = YES;
			};
			name = Release;
		};
		D6C759A61E83F09900471973 /* Debug */ = {
			isa = XCBuildConfiguration;
			baseConfigurationReference = EAD9EC35947731FB5C580BD4 /* Pods-Instagram.debug.xcconfig */;
			buildSettings = {
				ASSETCATALOG_COMPILER_APPICON_NAME = AppIcon;
				INFOPLIST_FILE = Instagram/Info.plist;
				LD_RUNPATH_SEARCH_PATHS = "$(inherited) @executable_path/Frameworks";
				PRODUCT_BUNDLE_IDENTIFIER = com.msapsford.Instagram;
				PRODUCT_NAME = "$(TARGET_NAME)";
				SWIFT_VERSION = 3.0;
			};
			name = Debug;
		};
		D6C759A71E83F09900471973 /* Release */ = {
			isa = XCBuildConfiguration;
			baseConfigurationReference = 05B82F390B14507AC516054B /* Pods-Instagram.release.xcconfig */;
			buildSettings = {
				ASSETCATALOG_COMPILER_APPICON_NAME = AppIcon;
				INFOPLIST_FILE = Instagram/Info.plist;
				LD_RUNPATH_SEARCH_PATHS = "$(inherited) @executable_path/Frameworks";
				PRODUCT_BUNDLE_IDENTIFIER = com.msapsford.Instagram;
				PRODUCT_NAME = "$(TARGET_NAME)";
				SWIFT_VERSION = 3.0;
			};
			name = Release;
		};
/* End XCBuildConfiguration section */

/* Begin XCConfigurationList section */
		D6C7598E1E83F09900471973 /* Build configuration list for PBXProject "Instagram" */ = {
			isa = XCConfigurationList;
			buildConfigurations = (
				D6C759A31E83F09900471973 /* Debug */,
				D6C759A41E83F09900471973 /* Release */,
			);
			defaultConfigurationIsVisible = 0;
			defaultConfigurationName = Release;
		};
		D6C759A51E83F09900471973 /* Build configuration list for PBXNativeTarget "Instagram" */ = {
			isa = XCConfigurationList;
			buildConfigurations = (
				D6C759A61E83F09900471973 /* Debug */,
				D6C759A71E83F09900471973 /* Release */,
			);
			defaultConfigurationIsVisible = 0;
			defaultConfigurationName = Release;
		};
/* End XCConfigurationList section */
	};
	rootObject = D6C7598B1E83F09900471973 /* Project object */;
}
